// !$*UTF8*$!
{
	archiveVersion = 1;
	classes = {
	};
	objectVersion = 55;
	objects = {

/* Begin PBXBuildFile section */
		39A7E93DB74D1FD1BC3D442E /* Pods_GIFUP.framework in Frameworks */ = {isa = PBXBuildFile; fileRef = 0CCFE218C34A4F87E9E0A054 /* Pods_GIFUP.framework */; };
		555E1AE6C004E29946D37F23 /* Pods_GIFUP_GIFUPUITests.framework in Frameworks */ = {isa = PBXBuildFile; fileRef = 968352B1D1C7EA1CCF3D8E7E /* Pods_GIFUP_GIFUPUITests.framework */; };
		77EA2FF6284CF5AC0055DD0F /* AppDelegate.swift in Sources */ = {isa = PBXBuildFile; fileRef = 77EA2FF5284CF5AC0055DD0F /* AppDelegate.swift */; };
		77EA2FF8284CF5AC0055DD0F /* SceneDelegate.swift in Sources */ = {isa = PBXBuildFile; fileRef = 77EA2FF7284CF5AC0055DD0F /* SceneDelegate.swift */; };
		77EA2FFA284CF5AC0055DD0F /* HomeViewController.swift in Sources */ = {isa = PBXBuildFile; fileRef = 77EA2FF9284CF5AC0055DD0F /* HomeViewController.swift */; };
		77EA2FFD284CF5AC0055DD0F /* Main.storyboard in Resources */ = {isa = PBXBuildFile; fileRef = 77EA2FFB284CF5AC0055DD0F /* Main.storyboard */; };
		77EA2FFF284CF5B20055DD0F /* Assets.xcassets in Resources */ = {isa = PBXBuildFile; fileRef = 77EA2FFE284CF5B20055DD0F /* Assets.xcassets */; };
		77EA3002284CF5B20055DD0F /* LaunchScreen.storyboard in Resources */ = {isa = PBXBuildFile; fileRef = 77EA3000284CF5B20055DD0F /* LaunchScreen.storyboard */; };
		77EA300D284CF5B20055DD0F /* GIFUPTests.swift in Sources */ = {isa = PBXBuildFile; fileRef = 77EA300C284CF5B20055DD0F /* GIFUPTests.swift */; };
		77EA3017284CF5B30055DD0F /* GIFUPUITests.swift in Sources */ = {isa = PBXBuildFile; fileRef = 77EA3016284CF5B30055DD0F /* GIFUPUITests.swift */; };
		77EA3019284CF5B30055DD0F /* GIFUPUITestsLaunchTests.swift in Sources */ = {isa = PBXBuildFile; fileRef = 77EA3018284CF5B30055DD0F /* GIFUPUITestsLaunchTests.swift */; };
		77EA302C284CF9280055DD0F /* Constants.swift in Sources */ = {isa = PBXBuildFile; fileRef = 77EA302B284CF9280055DD0F /* Constants.swift */; };
		77EA302E284CF9BB0055DD0F /* GIFModel.swift in Sources */ = {isa = PBXBuildFile; fileRef = 77EA302D284CF9BB0055DD0F /* GIFModel.swift */; };
		77EA3030284CF9F60055DD0F /* GIPHY.plist in Resources */ = {isa = PBXBuildFile; fileRef = 77EA302F284CF9F60055DD0F /* GIPHY.plist */; };
		77EA3032284CFA660055DD0F /* HomeViewModelProtocol.swift in Sources */ = {isa = PBXBuildFile; fileRef = 77EA3031284CFA660055DD0F /* HomeViewModelProtocol.swift */; };
		77EA3034284CFA8B0055DD0F /* GifDetailViewModelProtocol.swift in Sources */ = {isa = PBXBuildFile; fileRef = 77EA3033284CFA8B0055DD0F /* GifDetailViewModelProtocol.swift */; };
		77EA3036284CFAFA0055DD0F /* GIFNetworkService.swift in Sources */ = {isa = PBXBuildFile; fileRef = 77EA3035284CFAFA0055DD0F /* GIFNetworkService.swift */; };
		77EA3038284CFF400055DD0F /* HomeViewController+UICollectionViewDelegateFlowLayout.swift in Sources */ = {isa = PBXBuildFile; fileRef = 77EA3037284CFF400055DD0F /* HomeViewController+UICollectionViewDelegateFlowLayout.swift */; };
		77EA303A284CFF650055DD0F /* GifDetailView.swift in Sources */ = {isa = PBXBuildFile; fileRef = 77EA3039284CFF650055DD0F /* GifDetailView.swift */; };
		77EA303C284CFF7F0055DD0F /* GIFDetailViewController.swift in Sources */ = {isa = PBXBuildFile; fileRef = 77EA303B284CFF7F0055DD0F /* GIFDetailViewController.swift */; };
		77EA303F284CFFB80055DD0F /* GifCell.swift in Sources */ = {isa = PBXBuildFile; fileRef = 77EA303E284CFFB80055DD0F /* GifCell.swift */; };
		77EA3041284CFFE60055DD0F /* GifImageCell.swift in Sources */ = {isa = PBXBuildFile; fileRef = 77EA3040284CFFE60055DD0F /* GifImageCell.swift */; };
		77EA3043284D00000055DD0F /* SectionHeader.swift in Sources */ = {isa = PBXBuildFile; fileRef = 77EA3042284D00000055DD0F /* SectionHeader.swift */; };
		77EA3045284D002B0055DD0F /* HomeViewModel.swift in Sources */ = {isa = PBXBuildFile; fileRef = 77EA3044284D002B0055DD0F /* HomeViewModel.swift */; };
		77EA3047284D004A0055DD0F /* GifDetailViewModel.swift in Sources */ = {isa = PBXBuildFile; fileRef = 77EA3046284D004A0055DD0F /* GifDetailViewModel.swift */; };
		77EA3049284D00650055DD0F /* GifImageCellViewModel.swift in Sources */ = {isa = PBXBuildFile; fileRef = 77EA3048284D00650055DD0F /* GifImageCellViewModel.swift */; };
		77EA304B284D04F00055DD0F /* searched_test.json in Resources */ = {isa = PBXBuildFile; fileRef = 77EA304A284D04F00055DD0F /* searched_test.json */; };
		77EA304D284D04FA0055DD0F /* random_test.json in Resources */ = {isa = PBXBuildFile; fileRef = 77EA304C284D04FA0055DD0F /* random_test.json */; };
		FA99A9643D7F3482B45582C7 /* Pods_GIFUPTests.framework in Frameworks */ = {isa = PBXBuildFile; fileRef = 2859E2E58F55D1A0DD5D67C9 /* Pods_GIFUPTests.framework */; };
/* End PBXBuildFile section */

/* Begin PBXContainerItemProxy section */
		77EA3009284CF5B20055DD0F /* PBXContainerItemProxy */ = {
			isa = PBXContainerItemProxy;
			containerPortal = 77EA2FEA284CF5AC0055DD0F /* Project object */;
			proxyType = 1;
			remoteGlobalIDString = 77EA2FF1284CF5AC0055DD0F;
			remoteInfo = GIFUP;
		};
		77EA3013284CF5B30055DD0F /* PBXContainerItemProxy */ = {
			isa = PBXContainerItemProxy;
			containerPortal = 77EA2FEA284CF5AC0055DD0F /* Project object */;
			proxyType = 1;
			remoteGlobalIDString = 77EA2FF1284CF5AC0055DD0F;
			remoteInfo = GIFUP;
		};
/* End PBXContainerItemProxy section */

/* Begin PBXFileReference section */
		0BFB3598B6B1138BE8DAD4DA /* Pods-GIFUP.debug.xcconfig */ = {isa = PBXFileReference; includeInIndex = 1; lastKnownFileType = text.xcconfig; name = "Pods-GIFUP.debug.xcconfig"; path = "Target Support Files/Pods-GIFUP/Pods-GIFUP.debug.xcconfig"; sourceTree = "<group>"; };
		0CCFE218C34A4F87E9E0A054 /* Pods_GIFUP.framework */ = {isa = PBXFileReference; explicitFileType = wrapper.framework; includeInIndex = 0; path = Pods_GIFUP.framework; sourceTree = BUILT_PRODUCTS_DIR; };
		1021786E1E99539C6D11B7E7 /* Pods-GIFUP-GIFUPUITests.debug.xcconfig */ = {isa = PBXFileReference; includeInIndex = 1; lastKnownFileType = text.xcconfig; name = "Pods-GIFUP-GIFUPUITests.debug.xcconfig"; path = "Target Support Files/Pods-GIFUP-GIFUPUITests/Pods-GIFUP-GIFUPUITests.debug.xcconfig"; sourceTree = "<group>"; };
		11737B228E9A418988428F18 /* Pods-GIFUPTests.debug.xcconfig */ = {isa = PBXFileReference; includeInIndex = 1; lastKnownFileType = text.xcconfig; name = "Pods-GIFUPTests.debug.xcconfig"; path = "Target Support Files/Pods-GIFUPTests/Pods-GIFUPTests.debug.xcconfig"; sourceTree = "<group>"; };
		2859E2E58F55D1A0DD5D67C9 /* Pods_GIFUPTests.framework */ = {isa = PBXFileReference; explicitFileType = wrapper.framework; includeInIndex = 0; path = Pods_GIFUPTests.framework; sourceTree = BUILT_PRODUCTS_DIR; };
		688C58091C2ADE4115788D8D /* Pods-GIFUP-GIFUPUITests.release.xcconfig */ = {isa = PBXFileReference; includeInIndex = 1; lastKnownFileType = text.xcconfig; name = "Pods-GIFUP-GIFUPUITests.release.xcconfig"; path = "Target Support Files/Pods-GIFUP-GIFUPUITests/Pods-GIFUP-GIFUPUITests.release.xcconfig"; sourceTree = "<group>"; };
		77EA2FF2284CF5AC0055DD0F /* GIFUP.app */ = {isa = PBXFileReference; explicitFileType = wrapper.application; includeInIndex = 0; path = GIFUP.app; sourceTree = BUILT_PRODUCTS_DIR; };
		77EA2FF5284CF5AC0055DD0F /* AppDelegate.swift */ = {isa = PBXFileReference; lastKnownFileType = sourcecode.swift; path = AppDelegate.swift; sourceTree = "<group>"; };
		77EA2FF7284CF5AC0055DD0F /* SceneDelegate.swift */ = {isa = PBXFileReference; lastKnownFileType = sourcecode.swift; path = SceneDelegate.swift; sourceTree = "<group>"; };
		77EA2FF9284CF5AC0055DD0F /* HomeViewController.swift */ = {isa = PBXFileReference; lastKnownFileType = sourcecode.swift; path = HomeViewController.swift; sourceTree = "<group>"; };
		77EA2FFC284CF5AC0055DD0F /* Base */ = {isa = PBXFileReference; lastKnownFileType = file.storyboard; name = Base; path = Base.lproj/Main.storyboard; sourceTree = "<group>"; };
		77EA2FFE284CF5B20055DD0F /* Assets.xcassets */ = {isa = PBXFileReference; lastKnownFileType = folder.assetcatalog; path = Assets.xcassets; sourceTree = "<group>"; };
		77EA3001284CF5B20055DD0F /* Base */ = {isa = PBXFileReference; lastKnownFileType = file.storyboard; name = Base; path = Base.lproj/LaunchScreen.storyboard; sourceTree = "<group>"; };
		77EA3003284CF5B20055DD0F /* Info.plist */ = {isa = PBXFileReference; lastKnownFileType = text.plist.xml; path = Info.plist; sourceTree = "<group>"; };
		77EA3008284CF5B20055DD0F /* GIFUPTests.xctest */ = {isa = PBXFileReference; explicitFileType = wrapper.cfbundle; includeInIndex = 0; path = GIFUPTests.xctest; sourceTree = BUILT_PRODUCTS_DIR; };
		77EA300C284CF5B20055DD0F /* GIFUPTests.swift */ = {isa = PBXFileReference; lastKnownFileType = sourcecode.swift; path = GIFUPTests.swift; sourceTree = "<group>"; };
		77EA3012284CF5B30055DD0F /* GIFUPUITests.xctest */ = {isa = PBXFileReference; explicitFileType = wrapper.cfbundle; includeInIndex = 0; path = GIFUPUITests.xctest; sourceTree = BUILT_PRODUCTS_DIR; };
		77EA3016284CF5B30055DD0F /* GIFUPUITests.swift */ = {isa = PBXFileReference; lastKnownFileType = sourcecode.swift; path = GIFUPUITests.swift; sourceTree = "<group>"; };
		77EA3018284CF5B30055DD0F /* GIFUPUITestsLaunchTests.swift */ = {isa = PBXFileReference; lastKnownFileType = sourcecode.swift; path = GIFUPUITestsLaunchTests.swift; sourceTree = "<group>"; };
		77EA302B284CF9280055DD0F /* Constants.swift */ = {isa = PBXFileReference; lastKnownFileType = sourcecode.swift; path = Constants.swift; sourceTree = "<group>"; };
		77EA302D284CF9BB0055DD0F /* GIFModel.swift */ = {isa = PBXFileReference; lastKnownFileType = sourcecode.swift; path = GIFModel.swift; sourceTree = "<group>"; };
		77EA302F284CF9F60055DD0F /* GIPHY.plist */ = {isa = PBXFileReference; lastKnownFileType = text.plist.xml; path = GIPHY.plist; sourceTree = "<group>"; };
		77EA3031284CFA660055DD0F /* HomeViewModelProtocol.swift */ = {isa = PBXFileReference; lastKnownFileType = sourcecode.swift; path = HomeViewModelProtocol.swift; sourceTree = "<group>"; };
		77EA3033284CFA8B0055DD0F /* GifDetailViewModelProtocol.swift */ = {isa = PBXFileReference; lastKnownFileType = sourcecode.swift; path = GifDetailViewModelProtocol.swift; sourceTree = "<group>"; };
		77EA3035284CFAFA0055DD0F /* GIFNetworkService.swift */ = {isa = PBXFileReference; lastKnownFileType = sourcecode.swift; path = GIFNetworkService.swift; sourceTree = "<group>"; };
		77EA3037284CFF400055DD0F /* HomeViewController+UICollectionViewDelegateFlowLayout.swift */ = {isa = PBXFileReference; lastKnownFileType = sourcecode.swift; path = "HomeViewController+UICollectionViewDelegateFlowLayout.swift"; sourceTree = "<group>"; };
		77EA3039284CFF650055DD0F /* GifDetailView.swift */ = {isa = PBXFileReference; lastKnownFileType = sourcecode.swift; path = GifDetailView.swift; sourceTree = "<group>"; };
		77EA303B284CFF7F0055DD0F /* GIFDetailViewController.swift */ = {isa = PBXFileReference; lastKnownFileType = sourcecode.swift; path = GIFDetailViewController.swift; sourceTree = "<group>"; };
		77EA303E284CFFB80055DD0F /* GifCell.swift */ = {isa = PBXFileReference; lastKnownFileType = sourcecode.swift; path = GifCell.swift; sourceTree = "<group>"; };
		77EA3040284CFFE60055DD0F /* GifImageCell.swift */ = {isa = PBXFileReference; lastKnownFileType = sourcecode.swift; path = GifImageCell.swift; sourceTree = "<group>"; };
		77EA3042284D00000055DD0F /* SectionHeader.swift */ = {isa = PBXFileReference; lastKnownFileType = sourcecode.swift; path = SectionHeader.swift; sourceTree = "<group>"; };
		77EA3044284D002B0055DD0F /* HomeViewModel.swift */ = {isa = PBXFileReference; lastKnownFileType = sourcecode.swift; path = HomeViewModel.swift; sourceTree = "<group>"; };
		77EA3046284D004A0055DD0F /* GifDetailViewModel.swift */ = {isa = PBXFileReference; lastKnownFileType = sourcecode.swift; path = GifDetailViewModel.swift; sourceTree = "<group>"; };
		77EA3048284D00650055DD0F /* GifImageCellViewModel.swift */ = {isa = PBXFileReference; lastKnownFileType = sourcecode.swift; path = GifImageCellViewModel.swift; sourceTree = "<group>"; };
		77EA304A284D04F00055DD0F /* searched_test.json */ = {isa = PBXFileReference; fileEncoding = 4; lastKnownFileType = text.json; path = searched_test.json; sourceTree = "<group>"; };
		77EA304C284D04FA0055DD0F /* random_test.json */ = {isa = PBXFileReference; fileEncoding = 4; lastKnownFileType = text.json; path = random_test.json; sourceTree = "<group>"; };
		968352B1D1C7EA1CCF3D8E7E /* Pods_GIFUP_GIFUPUITests.framework */ = {isa = PBXFileReference; explicitFileType = wrapper.framework; includeInIndex = 0; path = Pods_GIFUP_GIFUPUITests.framework; sourceTree = BUILT_PRODUCTS_DIR; };
		9775051E299A7434D75C8C18 /* Pods-GIFUPTests.release.xcconfig */ = {isa = PBXFileReference; includeInIndex = 1; lastKnownFileType = text.xcconfig; name = "Pods-GIFUPTests.release.xcconfig"; path = "Target Support Files/Pods-GIFUPTests/Pods-GIFUPTests.release.xcconfig"; sourceTree = "<group>"; };
		99A5614D4FFB3A8AD38A86CE /* Pods-GIFUP.release.xcconfig */ = {isa = PBXFileReference; includeInIndex = 1; lastKnownFileType = text.xcconfig; name = "Pods-GIFUP.release.xcconfig"; path = "Target Support Files/Pods-GIFUP/Pods-GIFUP.release.xcconfig"; sourceTree = "<group>"; };
/* End PBXFileReference section */

/* Begin PBXFrameworksBuildPhase section */
		77EA2FEF284CF5AC0055DD0F /* Frameworks */ = {
			isa = PBXFrameworksBuildPhase;
			buildActionMask = 2147483647;
			files = (
				39A7E93DB74D1FD1BC3D442E /* Pods_GIFUP.framework in Frameworks */,
			);
			runOnlyForDeploymentPostprocessing = 0;
		};
		77EA3005284CF5B20055DD0F /* Frameworks */ = {
			isa = PBXFrameworksBuildPhase;
			buildActionMask = 2147483647;
			files = (
				FA99A9643D7F3482B45582C7 /* Pods_GIFUPTests.framework in Frameworks */,
			);
			runOnlyForDeploymentPostprocessing = 0;
		};
		77EA300F284CF5B30055DD0F /* Frameworks */ = {
			isa = PBXFrameworksBuildPhase;
			buildActionMask = 2147483647;
			files = (
				555E1AE6C004E29946D37F23 /* Pods_GIFUP_GIFUPUITests.framework in Frameworks */,
			);
			runOnlyForDeploymentPostprocessing = 0;
		};
/* End PBXFrameworksBuildPhase section */

/* Begin PBXGroup section */
		22A0C92647F55F9DF815E450 /* Frameworks */ = {
			isa = PBXGroup;
			children = (
				0CCFE218C34A4F87E9E0A054 /* Pods_GIFUP.framework */,
				968352B1D1C7EA1CCF3D8E7E /* Pods_GIFUP_GIFUPUITests.framework */,
				2859E2E58F55D1A0DD5D67C9 /* Pods_GIFUPTests.framework */,
			);
			name = Frameworks;
			sourceTree = "<group>";
		};
		77EA2FE9284CF5AC0055DD0F = {
			isa = PBXGroup;
			children = (
				77EA2FF4284CF5AC0055DD0F /* GIFUP */,
				77EA300B284CF5B20055DD0F /* GIFUPTests */,
				77EA3015284CF5B30055DD0F /* GIFUPUITests */,
				77EA2FF3284CF5AC0055DD0F /* Products */,
				FBADBAED1C05BF4F4B9EAFB8 /* Pods */,
				22A0C92647F55F9DF815E450 /* Frameworks */,
			);
			sourceTree = "<group>";
		};
		77EA2FF3284CF5AC0055DD0F /* Products */ = {
			isa = PBXGroup;
			children = (
				77EA2FF2284CF5AC0055DD0F /* GIFUP.app */,
				77EA3008284CF5B20055DD0F /* GIFUPTests.xctest */,
				77EA3012284CF5B30055DD0F /* GIFUPUITests.xctest */,
			);
			name = Products;
			sourceTree = "<group>";
		};
		77EA2FF4284CF5AC0055DD0F /* GIFUP */ = {
			isa = PBXGroup;
			children = (
				77EA302A284CF8F20055DD0F /* View */,
				77EA3029284CF8DD0055DD0F /* Model */,
				77EA3028284CF8C80055DD0F /* NetworkService */,
				77EA3027284CF8B70055DD0F /* ViewModel */,
				77EA3026284CF8AE0055DD0F /* Protocol */,
				77EA3025284CF8A30055DD0F /* Core */,
				77EA2FFB284CF5AC0055DD0F /* Main.storyboard */,
				77EA2FFE284CF5B20055DD0F /* Assets.xcassets */,
				77EA3000284CF5B20055DD0F /* LaunchScreen.storyboard */,
				77EA3003284CF5B20055DD0F /* Info.plist */,
				77EA302F284CF9F60055DD0F /* GIPHY.plist */,
			);
			path = GIFUP;
			sourceTree = "<group>";
		};
		77EA300B284CF5B20055DD0F /* GIFUPTests */ = {
			isa = PBXGroup;
			children = (
				77EA304A284D04F00055DD0F /* searched_test.json */,
				77EA304C284D04FA0055DD0F /* random_test.json */,
				77EA300C284CF5B20055DD0F /* GIFUPTests.swift */,
			);
			path = GIFUPTests;
			sourceTree = "<group>";
		};
		77EA3015284CF5B30055DD0F /* GIFUPUITests */ = {
			isa = PBXGroup;
			children = (
				77EA3016284CF5B30055DD0F /* GIFUPUITests.swift */,
				77EA3018284CF5B30055DD0F /* GIFUPUITestsLaunchTests.swift */,
			);
			path = GIFUPUITests;
			sourceTree = "<group>";
		};
		77EA3025284CF8A30055DD0F /* Core */ = {
			isa = PBXGroup;
			children = (
				77EA2FF7284CF5AC0055DD0F /* SceneDelegate.swift */,
				77EA2FF5284CF5AC0055DD0F /* AppDelegate.swift */,
				77EA302B284CF9280055DD0F /* Constants.swift */,
			);
			path = Core;
			sourceTree = "<group>";
		};
		77EA3026284CF8AE0055DD0F /* Protocol */ = {
			isa = PBXGroup;
			children = (
				77EA3031284CFA660055DD0F /* HomeViewModelProtocol.swift */,
				77EA3033284CFA8B0055DD0F /* GifDetailViewModelProtocol.swift */,
			);
			path = Protocol;
			sourceTree = "<group>";
		};
		77EA3027284CF8B70055DD0F /* ViewModel */ = {
			isa = PBXGroup;
			children = (
				77EA3044284D002B0055DD0F /* HomeViewModel.swift */,
				77EA3046284D004A0055DD0F /* GifDetailViewModel.swift */,
				77EA3048284D00650055DD0F /* GifImageCellViewModel.swift */,
			);
			path = ViewModel;
			sourceTree = "<group>";
		};
		77EA3028284CF8C80055DD0F /* NetworkService */ = {
			isa = PBXGroup;
			children = (
				77EA3035284CFAFA0055DD0F /* GIFNetworkService.swift */,
			);
			path = NetworkService;
			sourceTree = "<group>";
		};
		77EA3029284CF8DD0055DD0F /* Model */ = {
			isa = PBXGroup;
			children = (
				77EA302D284CF9BB0055DD0F /* GIFModel.swift */,
			);
			path = Model;
			sourceTree = "<group>";
		};
		77EA302A284CF8F20055DD0F /* View */ = {
			isa = PBXGroup;
			children = (
				77EA303D284CFF950055DD0F /* HomeCollectionViewCell */,
				77EA2FF9284CF5AC0055DD0F /* HomeViewController.swift */,
				77EA3037284CFF400055DD0F /* HomeViewController+UICollectionViewDelegateFlowLayout.swift */,
				77EA3039284CFF650055DD0F /* GifDetailView.swift */,
				77EA303B284CFF7F0055DD0F /* GIFDetailViewController.swift */,
			);
			path = View;
			sourceTree = "<group>";
		};
		77EA303D284CFF950055DD0F /* HomeCollectionViewCell */ = {
			isa = PBXGroup;
			children = (
				77EA303E284CFFB80055DD0F /* GifCell.swift */,
				77EA3040284CFFE60055DD0F /* GifImageCell.swift */,
				77EA3042284D00000055DD0F /* SectionHeader.swift */,
			);
			path = HomeCollectionViewCell;
			sourceTree = "<group>";
		};
		FBADBAED1C05BF4F4B9EAFB8 /* Pods */ = {
			isa = PBXGroup;
			children = (
				0BFB3598B6B1138BE8DAD4DA /* Pods-GIFUP.debug.xcconfig */,
				99A5614D4FFB3A8AD38A86CE /* Pods-GIFUP.release.xcconfig */,
				1021786E1E99539C6D11B7E7 /* Pods-GIFUP-GIFUPUITests.debug.xcconfig */,
				688C58091C2ADE4115788D8D /* Pods-GIFUP-GIFUPUITests.release.xcconfig */,
				11737B228E9A418988428F18 /* Pods-GIFUPTests.debug.xcconfig */,
				9775051E299A7434D75C8C18 /* Pods-GIFUPTests.release.xcconfig */,
			);
			path = Pods;
			sourceTree = "<group>";
		};
/* End PBXGroup section */

/* Begin PBXNativeTarget section */
		77EA2FF1284CF5AC0055DD0F /* GIFUP */ = {
			isa = PBXNativeTarget;
			buildConfigurationList = 77EA301C284CF5B30055DD0F /* Build configuration list for PBXNativeTarget "GIFUP" */;
			buildPhases = (
				0655E346358059706E80DC43 /* [CP] Check Pods Manifest.lock */,
				77EA2FEE284CF5AC0055DD0F /* Sources */,
				77EA2FEF284CF5AC0055DD0F /* Frameworks */,
				77EA2FF0284CF5AC0055DD0F /* Resources */,
				CCDDEC53126860D34CFC78CD /* [CP] Embed Pods Frameworks */,
			);
			buildRules = (
			);
			dependencies = (
			);
			name = GIFUP;
			productName = GIFUP;
			productReference = 77EA2FF2284CF5AC0055DD0F /* GIFUP.app */;
			productType = "com.apple.product-type.application";
		};
		77EA3007284CF5B20055DD0F /* GIFUPTests */ = {
			isa = PBXNativeTarget;
			buildConfigurationList = 77EA301F284CF5B30055DD0F /* Build configuration list for PBXNativeTarget "GIFUPTests" */;
			buildPhases = (
				3EB9C6FE2960E58584DBC7B4 /* [CP] Check Pods Manifest.lock */,
				77EA3004284CF5B20055DD0F /* Sources */,
				77EA3005284CF5B20055DD0F /* Frameworks */,
				77EA3006284CF5B20055DD0F /* Resources */,
			);
			buildRules = (
			);
			dependencies = (
				77EA300A284CF5B20055DD0F /* PBXTargetDependency */,
			);
			name = GIFUPTests;
			productName = GIFUPTests;
			productReference = 77EA3008284CF5B20055DD0F /* GIFUPTests.xctest */;
			productType = "com.apple.product-type.bundle.unit-test";
		};
		77EA3011284CF5B30055DD0F /* GIFUPUITests */ = {
			isa = PBXNativeTarget;
			buildConfigurationList = 77EA3022284CF5B30055DD0F /* Build configuration list for PBXNativeTarget "GIFUPUITests" */;
			buildPhases = (
				E9AD9C2DC99ED23B3189B77A /* [CP] Check Pods Manifest.lock */,
				77EA300E284CF5B30055DD0F /* Sources */,
				77EA300F284CF5B30055DD0F /* Frameworks */,
				77EA3010284CF5B30055DD0F /* Resources */,
				B489C9E8EEF477FBCBDF44CD /* [CP] Embed Pods Frameworks */,
			);
			buildRules = (
			);
			dependencies = (
				77EA3014284CF5B30055DD0F /* PBXTargetDependency */,
			);
			name = GIFUPUITests;
			productName = GIFUPUITests;
			productReference = 77EA3012284CF5B30055DD0F /* GIFUPUITests.xctest */;
			productType = "com.apple.product-type.bundle.ui-testing";
		};
/* End PBXNativeTarget section */

/* Begin PBXProject section */
		77EA2FEA284CF5AC0055DD0F /* Project object */ = {
			isa = PBXProject;
			attributes = {
				BuildIndependentTargetsInParallel = 1;
				LastSwiftUpdateCheck = 1320;
				LastUpgradeCheck = 1320;
				TargetAttributes = {
					77EA2FF1284CF5AC0055DD0F = {
						CreatedOnToolsVersion = 13.2.1;
					};
					77EA3007284CF5B20055DD0F = {
						CreatedOnToolsVersion = 13.2.1;
						TestTargetID = 77EA2FF1284CF5AC0055DD0F;
					};
					77EA3011284CF5B30055DD0F = {
						CreatedOnToolsVersion = 13.2.1;
						TestTargetID = 77EA2FF1284CF5AC0055DD0F;
					};
				};
			};
			buildConfigurationList = 77EA2FED284CF5AC0055DD0F /* Build configuration list for PBXProject "GIFUP" */;
			compatibilityVersion = "Xcode 13.0";
			developmentRegion = en;
			hasScannedForEncodings = 0;
			knownRegions = (
				en,
				Base,
			);
			mainGroup = 77EA2FE9284CF5AC0055DD0F;
			productRefGroup = 77EA2FF3284CF5AC0055DD0F /* Products */;
			projectDirPath = "";
			projectRoot = "";
			targets = (
				77EA2FF1284CF5AC0055DD0F /* GIFUP */,
				77EA3007284CF5B20055DD0F /* GIFUPTests */,
				77EA3011284CF5B30055DD0F /* GIFUPUITests */,
			);
		};
/* End PBXProject section */

/* Begin PBXResourcesBuildPhase section */
		77EA2FF0284CF5AC0055DD0F /* Resources */ = {
			isa = PBXResourcesBuildPhase;
			buildActionMask = 2147483647;
			files = (
				77EA3002284CF5B20055DD0F /* LaunchScreen.storyboard in Resources */,
				77EA2FFF284CF5B20055DD0F /* Assets.xcassets in Resources */,
				77EA3030284CF9F60055DD0F /* GIPHY.plist in Resources */,
				77EA2FFD284CF5AC0055DD0F /* Main.storyboard in Resources */,
			);
			runOnlyForDeploymentPostprocessing = 0;
		};
		77EA3006284CF5B20055DD0F /* Resources */ = {
			isa = PBXResourcesBuildPhase;
			buildActionMask = 2147483647;
			files = (
				77EA304D284D04FA0055DD0F /* random_test.json in Resources */,
				77EA304B284D04F00055DD0F /* searched_test.json in Resources */,
			);
			runOnlyForDeploymentPostprocessing = 0;
		};
		77EA3010284CF5B30055DD0F /* Resources */ = {
			isa = PBXResourcesBuildPhase;
			buildActionMask = 2147483647;
			files = (
			);
			runOnlyForDeploymentPostprocessing = 0;
		};
/* End PBXResourcesBuildPhase section */

/* Begin PBXShellScriptBuildPhase section */
		0655E346358059706E80DC43 /* [CP] Check Pods Manifest.lock */ = {
			isa = PBXShellScriptBuildPhase;
			buildActionMask = 2147483647;
			files = (
			);
			inputFileListPaths = (
			);
			inputPaths = (
				"${PODS_PODFILE_DIR_PATH}/Podfile.lock",
				"${PODS_ROOT}/Manifest.lock",
			);
			name = "[CP] Check Pods Manifest.lock";
			outputFileListPaths = (
			);
			outputPaths = (
				"$(DERIVED_FILE_DIR)/Pods-GIFUP-checkManifestLockResult.txt",
			);
			runOnlyForDeploymentPostprocessing = 0;
			shellPath = /bin/sh;
			shellScript = "diff \"${PODS_PODFILE_DIR_PATH}/Podfile.lock\" \"${PODS_ROOT}/Manifest.lock\" > /dev/null\nif [ $? != 0 ] ; then\n    # print error to STDERR\n    echo \"error: The sandbox is not in sync with the Podfile.lock. Run 'pod install' or update your CocoaPods installation.\" >&2\n    exit 1\nfi\n# This output is used by Xcode 'outputs' to avoid re-running this script phase.\necho \"SUCCESS\" > \"${SCRIPT_OUTPUT_FILE_0}\"\n";
			showEnvVarsInLog = 0;
		};
		3EB9C6FE2960E58584DBC7B4 /* [CP] Check Pods Manifest.lock */ = {
			isa = PBXShellScriptBuildPhase;
			buildActionMask = 2147483647;
			files = (
			);
			inputFileListPaths = (
			);
			inputPaths = (
				"${PODS_PODFILE_DIR_PATH}/Podfile.lock",
				"${PODS_ROOT}/Manifest.lock",
			);
			name = "[CP] Check Pods Manifest.lock";
			outputFileListPaths = (
			);
			outputPaths = (
				"$(DERIVED_FILE_DIR)/Pods-GIFUPTests-checkManifestLockResult.txt",
			);
			runOnlyForDeploymentPostprocessing = 0;
			shellPath = /bin/sh;
			shellScript = "diff \"${PODS_PODFILE_DIR_PATH}/Podfile.lock\" \"${PODS_ROOT}/Manifest.lock\" > /dev/null\nif [ $? != 0 ] ; then\n    # print error to STDERR\n    echo \"error: The sandbox is not in sync with the Podfile.lock. Run 'pod install' or update your CocoaPods installation.\" >&2\n    exit 1\nfi\n# This output is used by Xcode 'outputs' to avoid re-running this script phase.\necho \"SUCCESS\" > \"${SCRIPT_OUTPUT_FILE_0}\"\n";
			showEnvVarsInLog = 0;
		};
		B489C9E8EEF477FBCBDF44CD /* [CP] Embed Pods Frameworks */ = {
			isa = PBXShellScriptBuildPhase;
			buildActionMask = 2147483647;
			files = (
			);
			inputFileListPaths = (
				"${PODS_ROOT}/Target Support Files/Pods-GIFUP-GIFUPUITests/Pods-GIFUP-GIFUPUITests-frameworks-${CONFIGURATION}-input-files.xcfilelist",
			);
			name = "[CP] Embed Pods Frameworks";
			outputFileListPaths = (
				"${PODS_ROOT}/Target Support Files/Pods-GIFUP-GIFUPUITests/Pods-GIFUP-GIFUPUITests-frameworks-${CONFIGURATION}-output-files.xcfilelist",
			);
			runOnlyForDeploymentPostprocessing = 0;
			shellPath = /bin/sh;
			shellScript = "\"${PODS_ROOT}/Target Support Files/Pods-GIFUP-GIFUPUITests/Pods-GIFUP-GIFUPUITests-frameworks.sh\"\n";
			showEnvVarsInLog = 0;
		};
		CCDDEC53126860D34CFC78CD /* [CP] Embed Pods Frameworks */ = {
			isa = PBXShellScriptBuildPhase;
			buildActionMask = 2147483647;
			files = (
			);
			inputFileListPaths = (
				"${PODS_ROOT}/Target Support Files/Pods-GIFUP/Pods-GIFUP-frameworks-${CONFIGURATION}-input-files.xcfilelist",
			);
			name = "[CP] Embed Pods Frameworks";
			outputFileListPaths = (
				"${PODS_ROOT}/Target Support Files/Pods-GIFUP/Pods-GIFUP-frameworks-${CONFIGURATION}-output-files.xcfilelist",
			);
			runOnlyForDeploymentPostprocessing = 0;
			shellPath = /bin/sh;
			shellScript = "\"${PODS_ROOT}/Target Support Files/Pods-GIFUP/Pods-GIFUP-frameworks.sh\"\n";
			showEnvVarsInLog = 0;
		};
		E9AD9C2DC99ED23B3189B77A /* [CP] Check Pods Manifest.lock */ = {
			isa = PBXShellScriptBuildPhase;
			buildActionMask = 2147483647;
			files = (
			);
			inputFileListPaths = (
			);
			inputPaths = (
				"${PODS_PODFILE_DIR_PATH}/Podfile.lock",
				"${PODS_ROOT}/Manifest.lock",
			);
			name = "[CP] Check Pods Manifest.lock";
			outputFileListPaths = (
			);
			outputPaths = (
				"$(DERIVED_FILE_DIR)/Pods-GIFUP-GIFUPUITests-checkManifestLockResult.txt",
			);
			runOnlyForDeploymentPostprocessing = 0;
			shellPath = /bin/sh;
			shellScript = "diff \"${PODS_PODFILE_DIR_PATH}/Podfile.lock\" \"${PODS_ROOT}/Manifest.lock\" > /dev/null\nif [ $? != 0 ] ; then\n    # print error to STDERR\n    echo \"error: The sandbox is not in sync with the Podfile.lock. Run 'pod install' or update your CocoaPods installation.\" >&2\n    exit 1\nfi\n# This output is used by Xcode 'outputs' to avoid re-running this script phase.\necho \"SUCCESS\" > \"${SCRIPT_OUTPUT_FILE_0}\"\n";
			showEnvVarsInLog = 0;
		};
/* End PBXShellScriptBuildPhase section */

/* Begin PBXSourcesBuildPhase section */
		77EA2FEE284CF5AC0055DD0F /* Sources */ = {
			isa = PBXSourcesBuildPhase;
			buildActionMask = 2147483647;
			files = (
				77EA3034284CFA8B0055DD0F /* GifDetailViewModelProtocol.swift in Sources */,
				77EA302E284CF9BB0055DD0F /* GIFModel.swift in Sources */,
				77EA303F284CFFB80055DD0F /* GifCell.swift in Sources */,
				77EA303C284CFF7F0055DD0F /* GIFDetailViewController.swift in Sources */,
				77EA2FFA284CF5AC0055DD0F /* HomeViewController.swift in Sources */,
				77EA3036284CFAFA0055DD0F /* GIFNetworkService.swift in Sources */,
				77EA2FF6284CF5AC0055DD0F /* AppDelegate.swift in Sources */,
				77EA3041284CFFE60055DD0F /* GifImageCell.swift in Sources */,
				77EA3047284D004A0055DD0F /* GifDetailViewModel.swift in Sources */,
				77EA3032284CFA660055DD0F /* HomeViewModelProtocol.swift in Sources */,
				77EA2FF8284CF5AC0055DD0F /* SceneDelegate.swift in Sources */,
				77EA3043284D00000055DD0F /* SectionHeader.swift in Sources */,
				77EA3049284D00650055DD0F /* GifImageCellViewModel.swift in Sources */,
				77EA3038284CFF400055DD0F /* HomeViewController+UICollectionViewDelegateFlowLayout.swift in Sources */,
				77EA303A284CFF650055DD0F /* GifDetailView.swift in Sources */,
				77EA3045284D002B0055DD0F /* HomeViewModel.swift in Sources */,
				77EA302C284CF9280055DD0F /* Constants.swift in Sources */,
			);
			runOnlyForDeploymentPostprocessing = 0;
		};
		77EA3004284CF5B20055DD0F /* Sources */ = {
			isa = PBXSourcesBuildPhase;
			buildActionMask = 2147483647;
			files = (
				77EA300D284CF5B20055DD0F /* GIFUPTests.swift in Sources */,
			);
			runOnlyForDeploymentPostprocessing = 0;
		};
		77EA300E284CF5B30055DD0F /* Sources */ = {
			isa = PBXSourcesBuildPhase;
			buildActionMask = 2147483647;
			files = (
				77EA3019284CF5B30055DD0F /* GIFUPUITestsLaunchTests.swift in Sources */,
				77EA3017284CF5B30055DD0F /* GIFUPUITests.swift in Sources */,
			);
			runOnlyForDeploymentPostprocessing = 0;
		};
/* End PBXSourcesBuildPhase section */

/* Begin PBXTargetDependency section */
		77EA300A284CF5B20055DD0F /* PBXTargetDependency */ = {
			isa = PBXTargetDependency;
			target = 77EA2FF1284CF5AC0055DD0F /* GIFUP */;
			targetProxy = 77EA3009284CF5B20055DD0F /* PBXContainerItemProxy */;
		};
		77EA3014284CF5B30055DD0F /* PBXTargetDependency */ = {
			isa = PBXTargetDependency;
			target = 77EA2FF1284CF5AC0055DD0F /* GIFUP */;
			targetProxy = 77EA3013284CF5B30055DD0F /* PBXContainerItemProxy */;
		};
/* End PBXTargetDependency section */

/* Begin PBXVariantGroup section */
		77EA2FFB284CF5AC0055DD0F /* Main.storyboard */ = {
			isa = PBXVariantGroup;
			children = (
				77EA2FFC284CF5AC0055DD0F /* Base */,
			);
			name = Main.storyboard;
			sourceTree = "<group>";
		};
		77EA3000284CF5B20055DD0F /* LaunchScreen.storyboard */ = {
			isa = PBXVariantGroup;
			children = (
				77EA3001284CF5B20055DD0F /* Base */,
			);
			name = LaunchScreen.storyboard;
			sourceTree = "<group>";
		};
/* End PBXVariantGroup section */

/* Begin XCBuildConfiguration section */
		77EA301A284CF5B30055DD0F /* Debug */ = {
			isa = XCBuildConfiguration;
			buildSettings = {
				ALWAYS_SEARCH_USER_PATHS = NO;
				CLANG_ANALYZER_NONNULL = YES;
				CLANG_ANALYZER_NUMBER_OBJECT_CONVERSION = YES_AGGRESSIVE;
				CLANG_CXX_LANGUAGE_STANDARD = "gnu++17";
				CLANG_CXX_LIBRARY = "libc++";
				CLANG_ENABLE_MODULES = YES;
				CLANG_ENABLE_OBJC_ARC = YES;
				CLANG_ENABLE_OBJC_WEAK = YES;
				CLANG_WARN_BLOCK_CAPTURE_AUTORELEASING = YES;
				CLANG_WARN_BOOL_CONVERSION = YES;
				CLANG_WARN_COMMA = YES;
				CLANG_WARN_CONSTANT_CONVERSION = YES;
				CLANG_WARN_DEPRECATED_OBJC_IMPLEMENTATIONS = YES;
				CLANG_WARN_DIRECT_OBJC_ISA_USAGE = YES_ERROR;
				CLANG_WARN_DOCUMENTATION_COMMENTS = YES;
				CLANG_WARN_EMPTY_BODY = YES;
				CLANG_WARN_ENUM_CONVERSION = YES;
				CLANG_WARN_INFINITE_RECURSION = YES;
				CLANG_WARN_INT_CONVERSION = YES;
				CLANG_WARN_NON_LITERAL_NULL_CONVERSION = YES;
				CLANG_WARN_OBJC_IMPLICIT_RETAIN_SELF = YES;
				CLANG_WARN_OBJC_LITERAL_CONVERSION = YES;
				CLANG_WARN_OBJC_ROOT_CLASS = YES_ERROR;
				CLANG_WARN_QUOTED_INCLUDE_IN_FRAMEWORK_HEADER = YES;
				CLANG_WARN_RANGE_LOOP_ANALYSIS = YES;
				CLANG_WARN_STRICT_PROTOTYPES = YES;
				CLANG_WARN_SUSPICIOUS_MOVE = YES;
				CLANG_WARN_UNGUARDED_AVAILABILITY = YES_AGGRESSIVE;
				CLANG_WARN_UNREACHABLE_CODE = YES;
				CLANG_WARN__DUPLICATE_METHOD_MATCH = YES;
				COPY_PHASE_STRIP = NO;
				DEBUG_INFORMATION_FORMAT = dwarf;
				ENABLE_STRICT_OBJC_MSGSEND = YES;
				ENABLE_TESTABILITY = YES;
				GCC_C_LANGUAGE_STANDARD = gnu11;
				GCC_DYNAMIC_NO_PIC = NO;
				GCC_NO_COMMON_BLOCKS = YES;
				GCC_OPTIMIZATION_LEVEL = 0;
				GCC_PREPROCESSOR_DEFINITIONS = (
					"DEBUG=1",
					"$(inherited)",
				);
				GCC_WARN_64_TO_32_BIT_CONVERSION = YES;
				GCC_WARN_ABOUT_RETURN_TYPE = YES_ERROR;
				GCC_WARN_UNDECLARED_SELECTOR = YES;
				GCC_WARN_UNINITIALIZED_AUTOS = YES_AGGRESSIVE;
				GCC_WARN_UNUSED_FUNCTION = YES;
				GCC_WARN_UNUSED_VARIABLE = YES;
				IPHONEOS_DEPLOYMENT_TARGET = 15.2;
				MTL_ENABLE_DEBUG_INFO = INCLUDE_SOURCE;
				MTL_FAST_MATH = YES;
				ONLY_ACTIVE_ARCH = YES;
				SDKROOT = iphoneos;
				SWIFT_ACTIVE_COMPILATION_CONDITIONS = DEBUG;
				SWIFT_OPTIMIZATION_LEVEL = "-Onone";
			};
			name = Debug;
		};
		77EA301B284CF5B30055DD0F /* Release */ = {
			isa = XCBuildConfiguration;
			buildSettings = {
				ALWAYS_SEARCH_USER_PATHS = NO;
				CLANG_ANALYZER_NONNULL = YES;
				CLANG_ANALYZER_NUMBER_OBJECT_CONVERSION = YES_AGGRESSIVE;
				CLANG_CXX_LANGUAGE_STANDARD = "gnu++17";
				CLANG_CXX_LIBRARY = "libc++";
				CLANG_ENABLE_MODULES = YES;
				CLANG_ENABLE_OBJC_ARC = YES;
				CLANG_ENABLE_OBJC_WEAK = YES;
				CLANG_WARN_BLOCK_CAPTURE_AUTORELEASING = YES;
				CLANG_WARN_BOOL_CONVERSION = YES;
				CLANG_WARN_COMMA = YES;
				CLANG_WARN_CONSTANT_CONVERSION = YES;
				CLANG_WARN_DEPRECATED_OBJC_IMPLEMENTATIONS = YES;
				CLANG_WARN_DIRECT_OBJC_ISA_USAGE = YES_ERROR;
				CLANG_WARN_DOCUMENTATION_COMMENTS = YES;
				CLANG_WARN_EMPTY_BODY = YES;
				CLANG_WARN_ENUM_CONVERSION = YES;
				CLANG_WARN_INFINITE_RECURSION = YES;
				CLANG_WARN_INT_CONVERSION = YES;
				CLANG_WARN_NON_LITERAL_NULL_CONVERSION = YES;
				CLANG_WARN_OBJC_IMPLICIT_RETAIN_SELF = YES;
				CLANG_WARN_OBJC_LITERAL_CONVERSION = YES;
				CLANG_WARN_OBJC_ROOT_CLASS = YES_ERROR;
				CLANG_WARN_QUOTED_INCLUDE_IN_FRAMEWORK_HEADER = YES;
				CLANG_WARN_RANGE_LOOP_ANALYSIS = YES;
				CLANG_WARN_STRICT_PROTOTYPES = YES;
				CLANG_WARN_SUSPICIOUS_MOVE = YES;
				CLANG_WARN_UNGUARDED_AVAILABILITY = YES_AGGRESSIVE;
				CLANG_WARN_UNREACHABLE_CODE = YES;
				CLANG_WARN__DUPLICATE_METHOD_MATCH = YES;
				COPY_PHASE_STRIP = NO;
				DEBUG_INFORMATION_FORMAT = "dwarf-with-dsym";
				ENABLE_NS_ASSERTIONS = NO;
				ENABLE_STRICT_OBJC_MSGSEND = YES;
				GCC_C_LANGUAGE_STANDARD = gnu11;
				GCC_NO_COMMON_BLOCKS = YES;
				GCC_WARN_64_TO_32_BIT_CONVERSION = YES;
				GCC_WARN_ABOUT_RETURN_TYPE = YES_ERROR;
				GCC_WARN_UNDECLARED_SELECTOR = YES;
				GCC_WARN_UNINITIALIZED_AUTOS = YES_AGGRESSIVE;
				GCC_WARN_UNUSED_FUNCTION = YES;
				GCC_WARN_UNUSED_VARIABLE = YES;
				IPHONEOS_DEPLOYMENT_TARGET = 15.2;
				MTL_ENABLE_DEBUG_INFO = NO;
				MTL_FAST_MATH = YES;
				SDKROOT = iphoneos;
				SWIFT_COMPILATION_MODE = wholemodule;
				SWIFT_OPTIMIZATION_LEVEL = "-O";
				VALIDATE_PRODUCT = YES;
			};
			name = Release;
		};
		77EA301D284CF5B30055DD0F /* Debug */ = {
			isa = XCBuildConfiguration;
			baseConfigurationReference = 0BFB3598B6B1138BE8DAD4DA /* Pods-GIFUP.debug.xcconfig */;
			buildSettings = {
				ASSETCATALOG_COMPILER_APPICON_NAME = AppIcon;
				ASSETCATALOG_COMPILER_GLOBAL_ACCENT_COLOR_NAME = AccentColor;
				CODE_SIGN_STYLE = Automatic;
				CURRENT_PROJECT_VERSION = 1;
				GENERATE_INFOPLIST_FILE = YES;
				INFOPLIST_FILE = GIFUP/Info.plist;
				INFOPLIST_KEY_UIApplicationSupportsIndirectInputEvents = YES;
				INFOPLIST_KEY_UILaunchStoryboardName = LaunchScreen;
				INFOPLIST_KEY_UISupportedInterfaceOrientations = UIInterfaceOrientationPortrait;
				INFOPLIST_KEY_UISupportedInterfaceOrientations_iPad = "UIInterfaceOrientationPortrait UIInterfaceOrientationPortraitUpsideDown UIInterfaceOrientationLandscapeLeft UIInterfaceOrientationLandscapeRight";
				INFOPLIST_KEY_UISupportedInterfaceOrientations_iPhone = "UIInterfaceOrientationPortrait UIInterfaceOrientationLandscapeLeft UIInterfaceOrientationLandscapeRight";
				LD_RUNPATH_SEARCH_PATHS = (
					"$(inherited)",
					"@executable_path/Frameworks",
				);
				MARKETING_VERSION = 1.0;
				PRODUCT_BUNDLE_IDENTIFIER = onurustunel.GIFUP;
				PRODUCT_NAME = "$(TARGET_NAME)";
				SWIFT_EMIT_LOC_STRINGS = YES;
				SWIFT_VERSION = 5.0;
				TARGETED_DEVICE_FAMILY = "1,2";
			};
			name = Debug;
		};
		77EA301E284CF5B30055DD0F /* Release */ = {
			isa = XCBuildConfiguration;
			baseConfigurationReference = 99A5614D4FFB3A8AD38A86CE /* Pods-GIFUP.release.xcconfig */;
			buildSettings = {
				ASSETCATALOG_COMPILER_APPICON_NAME = AppIcon;
				ASSETCATALOG_COMPILER_GLOBAL_ACCENT_COLOR_NAME = AccentColor;
				CODE_SIGN_STYLE = Automatic;
				CURRENT_PROJECT_VERSION = 1;
				GENERATE_INFOPLIST_FILE = YES;
				INFOPLIST_FILE = GIFUP/Info.plist;
				INFOPLIST_KEY_UIApplicationSupportsIndirectInputEvents = YES;
				INFOPLIST_KEY_UILaunchStoryboardName = LaunchScreen;
				INFOPLIST_KEY_UISupportedInterfaceOrientations = UIInterfaceOrientationPortrait;
				INFOPLIST_KEY_UISupportedInterfaceOrientations_iPad = "UIInterfaceOrientationPortrait UIInterfaceOrientationPortraitUpsideDown UIInterfaceOrientationLandscapeLeft UIInterfaceOrientationLandscapeRight";
				INFOPLIST_KEY_UISupportedInterfaceOrientations_iPhone = "UIInterfaceOrientationPortrait UIInterfaceOrientationLandscapeLeft UIInterfaceOrientationLandscapeRight";
				LD_RUNPATH_SEARCH_PATHS = (
					"$(inherited)",
					"@executable_path/Frameworks",
				);
				MARKETING_VERSION = 1.0;
				PRODUCT_BUNDLE_IDENTIFIER = onurustunel.GIFUP;
				PRODUCT_NAME = "$(TARGET_NAME)";
				SWIFT_EMIT_LOC_STRINGS = YES;
				SWIFT_VERSION = 5.0;
				TARGETED_DEVICE_FAMILY = "1,2";
			};
			name = Release;
		};
		77EA3020284CF5B30055DD0F /* Debug */ = {
			isa = XCBuildConfiguration;
			baseConfigurationReference = 11737B228E9A418988428F18 /* Pods-GIFUPTests.debug.xcconfig */;
			buildSettings = {
				ALWAYS_EMBED_SWIFT_STANDARD_LIBRARIES = YES;
				BUNDLE_LOADER = "$(TEST_HOST)";
				CODE_SIGN_STYLE = Automatic;
				CURRENT_PROJECT_VERSION = 1;
				GENERATE_INFOPLIST_FILE = YES;
				IPHONEOS_DEPLOYMENT_TARGET = 15.2;
				MARKETING_VERSION = 1.0;
				PRODUCT_BUNDLE_IDENTIFIER = onurustunel.GIFUPTests;
				PRODUCT_NAME = "$(TARGET_NAME)";
				SWIFT_EMIT_LOC_STRINGS = NO;
				SWIFT_VERSION = 5.0;
				TARGETED_DEVICE_FAMILY = "1,2";
				TEST_HOST = "$(BUILT_PRODUCTS_DIR)/GIFUP.app/GIFUP";
			};
			name = Debug;
		};
		77EA3021284CF5B30055DD0F /* Release */ = {
			isa = XCBuildConfiguration;
			baseConfigurationReference = 9775051E299A7434D75C8C18 /* Pods-GIFUPTests.release.xcconfig */;
			buildSettings = {
				ALWAYS_EMBED_SWIFT_STANDARD_LIBRARIES = YES;
				BUNDLE_LOADER = "$(TEST_HOST)";
				CODE_SIGN_STYLE = Automatic;
				CURRENT_PROJECT_VERSION = 1;
				GENERATE_INFOPLIST_FILE = YES;
				IPHONEOS_DEPLOYMENT_TARGET = 15.2;
				MARKETING_VERSION = 1.0;
				PRODUCT_BUNDLE_IDENTIFIER = onurustunel.GIFUPTests;
				PRODUCT_NAME = "$(TARGET_NAME)";
				SWIFT_EMIT_LOC_STRINGS = NO;
				SWIFT_VERSION = 5.0;
				TARGETED_DEVICE_FAMILY = "1,2";
				TEST_HOST = "$(BUILT_PRODUCTS_DIR)/GIFUP.app/GIFUP";
			};
			name = Release;
		};
		77EA3023284CF5B30055DD0F /* Debug */ = {
			isa = XCBuildConfiguration;
			baseConfigurationReference = 1021786E1E99539C6D11B7E7 /* Pods-GIFUP-GIFUPUITests.debug.xcconfig */;
			buildSettings = {
				ALWAYS_EMBED_SWIFT_STANDARD_LIBRARIES = YES;
				CODE_SIGN_STYLE = Automatic;
				CURRENT_PROJECT_VERSION = 1;
				GENERATE_INFOPLIST_FILE = YES;
				MARKETING_VERSION = 1.0;
				PRODUCT_BUNDLE_IDENTIFIER = onurustunel.GIFUPUITests;
				PRODUCT_NAME = "$(TARGET_NAME)";
				SWIFT_EMIT_LOC_STRINGS = NO;
				SWIFT_VERSION = 5.0;
				TARGETED_DEVICE_FAMILY = "1,2";
				TEST_TARGET_NAME = GIFUP;
			};
			name = Debug;
		};
		77EA3024284CF5B30055DD0F /* Release */ = {
			isa = XCBuildConfiguration;
			baseConfigurationReference = 688C58091C2ADE4115788D8D /* Pods-GIFUP-GIFUPUITests.release.xcconfig */;
			buildSettings = {
				ALWAYS_EMBED_SWIFT_STANDARD_LIBRARIES = YES;
				CODE_SIGN_STYLE = Automatic;
				CURRENT_PROJECT_VERSION = 1;
				GENERATE_INFOPLIST_FILE = YES;
				MARKETING_VERSION = 1.0;
				PRODUCT_BUNDLE_IDENTIFIER = onurustunel.GIFUPUITests;
				PRODUCT_NAME = "$(TARGET_NAME)";
				SWIFT_EMIT_LOC_STRINGS = NO;
				SWIFT_VERSION = 5.0;
				TARGETED_DEVICE_FAMILY = "1,2";
				TEST_TARGET_NAME = GIFUP;
			};
			name = Release;
		};
/* End XCBuildConfiguration section */

/* Begin XCConfigurationList section */
		77EA2FED284CF5AC0055DD0F /* Build configuration list for PBXProject "GIFUP" */ = {
			isa = XCConfigurationList;
			buildConfigurations = (
				77EA301A284CF5B30055DD0F /* Debug */,
				77EA301B284CF5B30055DD0F /* Release */,
			);
			defaultConfigurationIsVisible = 0;
			defaultConfigurationName = Release;
		};
		77EA301C284CF5B30055DD0F /* Build configuration list for PBXNativeTarget "GIFUP" */ = {
			isa = XCConfigurationList;
			buildConfigurations = (
				77EA301D284CF5B30055DD0F /* Debug */,
				77EA301E284CF5B30055DD0F /* Release */,
			);
			defaultConfigurationIsVisible = 0;
			defaultConfigurationName = Release;
		};
		77EA301F284CF5B30055DD0F /* Build configuration list for PBXNativeTarget "GIFUPTests" */ = {
			isa = XCConfigurationList;
			buildConfigurations = (
				77EA3020284CF5B30055DD0F /* Debug */,
				77EA3021284CF5B30055DD0F /* Release */,
			);
			defaultConfigurationIsVisible = 0;
			defaultConfigurationName = Release;
		};
		77EA3022284CF5B30055DD0F /* Build configuration list for PBXNativeTarget "GIFUPUITests" */ = {
			isa = XCConfigurationList;
			buildConfigurations = (
				77EA3023284CF5B30055DD0F /* Debug */,
				77EA3024284CF5B30055DD0F /* Release */,
			);
			defaultConfigurationIsVisible = 0;
			defaultConfigurationName = Release;
		};
/* End XCConfigurationList section */
	};
	rootObject = 77EA2FEA284CF5AC0055DD0F /* Project object */;
}
